
Microsoft Visual Studio Solution File, Format Version 12.00
# Visual Studio Version 17
VisualStudioVersion = 17.10.35122.118
MinimumVisualStudioVersion = 10.0.40219.1
Project("{FAE04EC0-301F-11D3-BF4B-00C04F79EFBC}") = "GUI", "GUI\GUI.csproj", "{BDE48562-2CB8-4A2C-9A2A-B92F153C9890}"
EndProject
Global
	GlobalSection(SolutionConfigurationPlatforms) = preSolution
		Debug|Any CPU = Debug|Any CPU
		Release|Any CPU = Release|Any CPU
	EndGlobalSection
	GlobalSection(ProjectConfigurationPlatforms) = postSolution
		{BDE48562-2CB8-4A2C-9A2A-B92F153C9890}.Debug|Any CPU.ActiveCfg = Debug|Any CPU
		{BDE48562-2CB8-4A2C-9A2A-B92F153C9890}.Debug|Any CPU.Build.0 = Debug|Any CPU
		{BDE48562-2CB8-4A2C-9A2A-B92F153C9890}.Release|Any CPU.ActiveCfg = Release|Any CPU
		{BDE48562-2CB8-4A2C-9A2A-B92F153C9890}.Release|Any CPU.Build.0 = Release|Any CPU
	EndGlobalSection
	GlobalSection(SolutionProperties) = preSolution
		HideSolutionNode = FALSE
	EndGlobalSection
	GlobalSection(ExtensibilityGlobals) = postSolution
		SolutionGuid = {D6A91B21-97E2-4FFA-83A3-80230EC3FA1C}
	EndGlobalSection
EndGlobal
